
Microsoft Visual Studio Solution File, Format Version 12.00
# Visual Studio Version 17
VisualStudioVersion = 17.2.32630.192
MinimumVisualStudioVersion = 10.0.40219.1
Project("{FAE04EC0-301F-11D3-BF4B-00C04F79EFBC}") = "sample.microservice.service1", "sample.microservice.service1\sample.microservice.service1.csproj", "{0E857D0D-0B90-47C8-81CF-6146D7D95749}"
EndProject
Project("{FAE04EC0-301F-11D3-BF4B-00C04F79EFBC}") = "sample.microservice.service2", "sample.microservice.service2\sample.microservice.service2.csproj", "{6BEA73AC-4C5A-4E63-8ABF-D5A028F7E796}"
EndProject
Project("{FAE04EC0-301F-11D3-BF4B-00C04F79EFBC}") = "sample.microservice.common", "sample.microservice.common\sample.microservice.common.csproj", "{6A66D474-5DC8-46C2-8960-9D07633BF778}"
EndProject
Project("{FAE04EC0-301F-11D3-BF4B-00C04F79EFBC}") = "sample.microservice.dto.order", "sample.microservice.dto.order\sample.microservice.dto.order.csproj", "{92314A31-1A0A-4F9E-BC1A-BB8C63EA017A}"
EndProject
Project("{FAE04EC0-301F-11D3-BF4B-00C04F79EFBC}") = "sample.microservice.dto.shipment", "sample.microservice.dto.shipment\sample.microservice.dto.shipment.csproj", "{C7ACA58D-1405-4659-A951-47B771EA8A89}"
EndProject
Global
	GlobalSection(SolutionProperties) = preSolution
		HideSolutionNode = FALSE
	EndGlobalSection
	GlobalSection(ExtensibilityGlobals) = postSolution
		SolutionGuid = {194E2DBF-5123-43B8-8011-F71506C70712}
	EndGlobalSection
	GlobalSection(SolutionConfigurationPlatforms) = preSolution
		Debug|Any CPU = Debug|Any CPU
		Debug|x64 = Debug|x64
		Debug|x86 = Debug|x86
		Release|Any CPU = Release|Any CPU
		Release|x64 = Release|x64
		Release|x86 = Release|x86
	EndGlobalSection
	GlobalSection(ProjectConfigurationPlatforms) = postSolution
		{0E857D0D-0B90-47C8-81CF-6146D7D95749}.Debug|Any CPU.ActiveCfg = Debug|Any CPU
		{0E857D0D-0B90-47C8-81CF-6146D7D95749}.Debug|Any CPU.Build.0 = Debug|Any CPU
		{0E857D0D-0B90-47C8-81CF-6146D7D95749}.Debug|x64.ActiveCfg = Debug|Any CPU
		{0E857D0D-0B90-47C8-81CF-6146D7D95749}.Debug|x64.Build.0 = Debug|Any CPU
		{0E857D0D-0B90-47C8-81CF-6146D7D95749}.Debug|x86.ActiveCfg = Debug|Any CPU
		{0E857D0D-0B90-47C8-81CF-6146D7D95749}.Debug|x86.Build.0 = Debug|Any CPU
		{0E857D0D-0B90-47C8-81CF-6146D7D95749}.Release|Any CPU.ActiveCfg = Release|Any CPU
		{0E857D0D-0B90-47C8-81CF-6146D7D95749}.Release|Any CPU.Build.0 = Release|Any CPU
		{0E857D0D-0B90-47C8-81CF-6146D7D95749}.Release|x64.ActiveCfg = Release|Any CPU
		{0E857D0D-0B90-47C8-81CF-6146D7D95749}.Release|x64.Build.0 = Release|Any CPU
		{0E857D0D-0B90-47C8-81CF-6146D7D95749}.Release|x86.ActiveCfg = Release|Any CPU
		{0E857D0D-0B90-47C8-81CF-6146D7D95749}.Release|x86.Build.0 = Release|Any CPU
		{6BEA73AC-4C5A-4E63-8ABF-D5A028F7E796}.Debug|Any CPU.ActiveCfg = Debug|Any CPU
		{6BEA73AC-4C5A-4E63-8ABF-D5A028F7E796}.Debug|Any CPU.Build.0 = Debug|Any CPU
		{6BEA73AC-4C5A-4E63-8ABF-D5A028F7E796}.Debug|x64.ActiveCfg = Debug|Any CPU
		{6BEA73AC-4C5A-4E63-8ABF-D5A028F7E796}.Debug|x64.Build.0 = Debug|Any CPU
		{6BEA73AC-4C5A-4E63-8ABF-D5A028F7E796}.Debug|x86.ActiveCfg = Debug|Any CPU
		{6BEA73AC-4C5A-4E63-8ABF-D5A028F7E796}.Debug|x86.Build.0 = Debug|Any CPU
		{6BEA73AC-4C5A-4E63-8ABF-D5A028F7E796}.Release|Any CPU.ActiveCfg = Release|Any CPU
		{6BEA73AC-4C5A-4E63-8ABF-D5A028F7E796}.Release|Any CPU.Build.0 = Release|Any CPU
		{6BEA73AC-4C5A-4E63-8ABF-D5A028F7E796}.Release|x64.ActiveCfg = Release|Any CPU
		{6BEA73AC-4C5A-4E63-8ABF-D5A028F7E796}.Release|x64.Build.0 = Release|Any CPU
		{6BEA73AC-4C5A-4E63-8ABF-D5A028F7E796}.Release|x86.ActiveCfg = Release|Any CPU
		{6BEA73AC-4C5A-4E63-8ABF-D5A028F7E796}.Release|x86.Build.0 = Release|Any CPU
		{6A66D474-5DC8-46C2-8960-9D07633BF778}.Debug|Any CPU.ActiveCfg = Debug|Any CPU
		{6A66D474-5DC8-46C2-8960-9D07633BF778}.Debug|Any CPU.Build.0 = Debug|Any CPU
		{6A66D474-5DC8-46C2-8960-9D07633BF778}.Debug|x64.ActiveCfg = Debug|Any CPU
		{6A66D474-5DC8-46C2-8960-9D07633BF778}.Debug|x64.Build.0 = Debug|Any CPU
		{6A66D474-5DC8-46C2-8960-9D07633BF778}.Debug|x86.ActiveCfg = Debug|Any CPU
		{6A66D474-5DC8-46C2-8960-9D07633BF778}.Debug|x86.Build.0 = Debug|Any CPU
		{6A66D474-5DC8-46C2-8960-9D07633BF778}.Release|Any CPU.ActiveCfg = Release|Any CPU
		{6A66D474-5DC8-46C2-8960-9D07633BF778}.Release|Any CPU.Build.0 = Release|Any CPU
		{6A66D474-5DC8-46C2-8960-9D07633BF778}.Release|x64.ActiveCfg = Release|Any CPU
		{6A66D474-5DC8-46C2-8960-9D07633BF778}.Release|x64.Build.0 = Release|Any CPU
		{6A66D474-5DC8-46C2-8960-9D07633BF778}.Release|x86.ActiveCfg = Release|Any CPU
		{6A66D474-5DC8-46C2-8960-9D07633BF778}.Release|x86.Build.0 = Release|Any CPU
		{92314A31-1A0A-4F9E-BC1A-BB8C63EA017A}.Debug|Any CPU.ActiveCfg = Debug|Any CPU
		{92314A31-1A0A-4F9E-BC1A-BB8C63EA017A}.Debug|Any CPU.Build.0 = Debug|Any CPU
		{92314A31-1A0A-4F9E-BC1A-BB8C63EA017A}.Debug|x64.ActiveCfg = Debug|Any CPU
		{92314A31-1A0A-4F9E-BC1A-BB8C63EA017A}.Debug|x64.Build.0 = Debug|Any CPU
		{92314A31-1A0A-4F9E-BC1A-BB8C63EA017A}.Debug|x86.ActiveCfg = Debug|Any CPU
		{92314A31-1A0A-4F9E-BC1A-BB8C63EA017A}.Debug|x86.Build.0 = Debug|Any CPU
		{92314A31-1A0A-4F9E-BC1A-BB8C63EA017A}.Release|Any CPU.ActiveCfg = Release|Any CPU
		{92314A31-1A0A-4F9E-BC1A-BB8C63EA017A}.Release|Any CPU.Build.0 = Release|Any CPU
		{92314A31-1A0A-4F9E-BC1A-BB8C63EA017A}.Release|x64.ActiveCfg = Release|Any CPU
		{92314A31-1A0A-4F9E-BC1A-BB8C63EA017A}.Release|x64.Build.0 = Release|Any CPU
		{92314A31-1A0A-4F9E-BC1A-BB8C63EA017A}.Release|x86.ActiveCfg = Release|Any CPU
		{92314A31-1A0A-4F9E-BC1A-BB8C63EA017A}.Release|x86.Build.0 = Release|Any CPU
		{C7ACA58D-1405-4659-A951-47B771EA8A89}.Debug|Any CPU.ActiveCfg = Debug|Any CPU
		{C7ACA58D-1405-4659-A951-47B771EA8A89}.Debug|Any CPU.Build.0 = Debug|Any CPU
		{C7ACA58D-1405-4659-A951-47B771EA8A89}.Debug|x64.ActiveCfg = Debug|Any CPU
		{C7ACA58D-1405-4659-A951-47B771EA8A89}.Debug|x64.Build.0 = Debug|Any CPU
		{C7ACA58D-1405-4659-A951-47B771EA8A89}.Debug|x86.ActiveCfg = Debug|Any CPU
		{C7ACA58D-1405-4659-A951-47B771EA8A89}.Debug|x86.Build.0 = Debug|Any CPU
		{C7ACA58D-1405-4659-A951-47B771EA8A89}.Release|Any CPU.ActiveCfg = Release|Any CPU
		{C7ACA58D-1405-4659-A951-47B771EA8A89}.Release|Any CPU.Build.0 = Release|Any CPU
		{C7ACA58D-1405-4659-A951-47B771EA8A89}.Release|x64.ActiveCfg = Release|Any CPU
		{C7ACA58D-1405-4659-A951-47B771EA8A89}.Release|x64.Build.0 = Release|Any CPU
		{C7ACA58D-1405-4659-A951-47B771EA8A89}.Release|x86.ActiveCfg = Release|Any CPU
		{C7ACA58D-1405-4659-A951-47B771EA8A89}.Release|x86.Build.0 = Release|Any CPU
	EndGlobalSection
EndGlobal
